{
	"name": "sveltekit-stripe",
	"version": "0.0.1",
	"lockfileVersion": 2,
	"requires": true,
	"packages": {
		"": {
			"name": "sveltekit-stripe",
			"version": "0.0.1",
			"dependencies": {
				"@fontsource/fira-mono": "^4.2.2",
				"@lukeed/uuid": "^2.0.0",
				"cookie": "^0.4.1",
				"dotenv": "^9.0.2",
				"stripe": "^8.148.0"
			},
			"devDependencies": {
				"@stripe/stripe-js": "^1.13.2",
				"@sveltejs/adapter-netlify": "^1.0.0-next.27",
				"@sveltejs/adapter-node": "^1.0.0-next.42",
				"@sveltejs/kit": "^1.0.0-next.151",
				"prettier": "^2.3.0",
				"prettier-plugin-svelte": "^2.3.0",
				"svelte": "^3.29.0",
				"svelte-preprocess": "^4.0.0",
				"tslib": "^2.0.0",
				"typescript": "^4.0.0",
				"vite": "^2.1.0"
			}
		},
		"node_modules/@fontsource/fira-mono": {
			"version": "4.2.2",
			"resolved": "https://registry.npmjs.org/@fontsource/fira-mono/-/fira-mono-4.2.2.tgz",
			"integrity": "sha512-t2WRThg+eLkQNQCtPG2sCCq40lz3xeb7nsL7P8l4+wfSRbdLQXAY5IebMftI2YEZR4MRRhdgrg0p5fi/2yXypA=="
		},
		"node_modules/@iarna/toml": {
			"version": "2.2.5",
			"resolved": "https://registry.npmjs.org/@iarna/toml/-/toml-2.2.5.tgz",
			"integrity": "sha512-trnsAYxU3xnS1gPHPyU961coFyLkh4gAD/0zQ5mymY4yOZ+CYvsPqUbOFSw0aDM4y0tV7tiFxL/1XfXPNC6IPg==",
			"dev": true
		},
		"node_modules/@lukeed/csprng": {
			"version": "1.0.0",
			"resolved": "https://registry.npmjs.org/@lukeed/csprng/-/csprng-1.0.0.tgz",
			"integrity": "sha512-ruuGHsnabmObBdeMg3vKdGRmh06Oog3eFpf/Tk6X0kDSJDpJTDCj2dqdp1+0VjzIUgHlFF9GBm7uFqfYhhdX9g==",
			"engines": {
				"node": ">=8"
			}
		},
		"node_modules/@lukeed/uuid": {
			"version": "2.0.0",
			"resolved": "https://registry.npmjs.org/@lukeed/uuid/-/uuid-2.0.0.tgz",
			"integrity": "sha512-dUz8OmYvlY5A9wXaroHIMSPASpSYRLCqbPvxGSyHguhtTQIy24lC+EGxQlwv71AhRCO55WOtgwhzQLpw27JaJQ==",
			"dependencies": {
				"@lukeed/csprng": "^1.0.0"
			},
			"engines": {
				"node": ">=8"
			}
		},
		"node_modules/@rollup/pluginutils": {
			"version": "4.1.1",
			"resolved": "https://registry.npmjs.org/@rollup/pluginutils/-/pluginutils-4.1.1.tgz",
			"integrity": "sha512-clDjivHqWGXi7u+0d2r2sBi4Ie6VLEAzWMIkvJLnDmxoOhBYOTfzGbOQBA32THHm11/LiJbd01tJUpJsbshSWQ==",
			"dev": true,
			"dependencies": {
				"estree-walker": "^2.0.1",
				"picomatch": "^2.2.2"
			},
			"engines": {
				"node": ">= 8.0.0"
			}
		},
		"node_modules/@stripe/stripe-js": {
			"version": "1.13.2",
			"resolved": "https://registry.npmjs.org/@stripe/stripe-js/-/stripe-js-1.13.2.tgz",
			"integrity": "sha512-fycUk7ECukNc31lD5apcrUgdRC1BfiIacs+CpacoCjOgo3ablolnWCvDQWMmVWtODYa8bBv2dlBla+Edc5OvZg==",
			"dev": true
		},
		"node_modules/@sveltejs/adapter-netlify": {
			"version": "1.0.0-next.27",
			"resolved": "https://registry.npmjs.org/@sveltejs/adapter-netlify/-/adapter-netlify-1.0.0-next.27.tgz",
			"integrity": "sha512-t3kU2tJdCWmHwTBf+BRzzvYaM8ApxL+DEKtU1dUMI3bA8AgkpwkSHYiqZ75U2C+whi4mde+z15PeUFaUWzlKXA==",
			"dev": true,
			"dependencies": {
				"@iarna/toml": "^2.2.5",
				"esbuild": "^0.12.5"
			}
		},
		"node_modules/@sveltejs/adapter-node": {
			"version": "1.0.0-next.42",
			"resolved": "https://registry.npmjs.org/@sveltejs/adapter-node/-/adapter-node-1.0.0-next.42.tgz",
			"integrity": "sha512-v7wd07I1iN6D9tY6GK5bMKxrCZKyTUr6/fKfODGMYFg9MAE6L19dqseuPmvbxFakxLEn5x3smmwTv/d5NYQkJg==",
			"dev": true,
			"dependencies": {
				"esbuild": "^0.12.5",
				"tiny-glob": "^0.2.9"
			}
		},
		"node_modules/@sveltejs/kit": {
			"version": "1.0.0-next.151",
			"resolved": "https://registry.npmjs.org/@sveltejs/kit/-/kit-1.0.0-next.151.tgz",
			"integrity": "sha512-dioqHt4XxqiZ+5dEL6hFG1fBuVMc5t9l9bmvUeJX6neyut432IcVLdl4t3utmD10Lu8fbybJPRkHy1PVAbHWwQ==",
			"dev": true,
			"dependencies": {
				"@sveltejs/vite-plugin-svelte": "^1.0.0-next.16",
				"cheap-watch": "^1.0.3",
				"sade": "^1.7.4",
				"vite": "^2.4.3"
			},
			"bin": {
				"svelte-kit": "svelte-kit.js"
			},
			"engines": {
				"node": "^12.20 || >=14.13"
			},
			"peerDependencies": {
				"svelte": "^3.39.0"
			}
		},
		"node_modules/@sveltejs/vite-plugin-svelte": {
			"version": "1.0.0-next.17",
			"resolved": "https://registry.npmjs.org/@sveltejs/vite-plugin-svelte/-/vite-plugin-svelte-1.0.0-next.17.tgz",
			"integrity": "sha512-Xh/YYqBMDJnDheutnGHk/I5TO6w9gZ2GMgvG+qQm/gpIRkaTLts6Mw5xDe6cac/nH/aVPPVPibhq2pf26d44fA==",
			"dev": true,
			"dependencies": {
				"@rollup/pluginutils": "^4.1.1",
				"debug": "^4.3.2",
				"kleur": "^4.1.4",
				"magic-string": "^0.25.7",
				"require-relative": "^0.8.7",
				"svelte-hmr": "^0.14.7"
			},
			"engines": {
				"node": "^12.20 || ^14.13.1 || >= 16"
			},
			"peerDependencies": {
				"diff-match-patch": "^1.0.5",
				"svelte": "^3.34.0",
				"vite": "^2.3.7"
			},
			"peerDependenciesMeta": {
				"diff-match-patch": {
					"optional": true
				}
			}
		},
		"node_modules/@types/node": {
			"version": "14.14.41",
			"resolved": "https://registry.npmjs.org/@types/node/-/node-14.14.41.tgz",
			"integrity": "sha512-dueRKfaJL4RTtSa7bWeTK1M+VH+Gns73oCgzvYfHZywRCoPSd8EkXBL0mZ9unPTveBn+D9phZBaxuzpwjWkW0g=="
		},
		"node_modules/@types/pug": {
			"version": "2.0.4",
			"resolved": "https://registry.npmjs.org/@types/pug/-/pug-2.0.4.tgz",
			"integrity": "sha1-h3L80EGOPNLMFxVV1zAHQVBR9LI=",
			"dev": true
		},
		"node_modules/@types/sass": {
			"version": "1.16.0",
			"resolved": "https://registry.npmjs.org/@types/sass/-/sass-1.16.0.tgz",
			"integrity": "sha512-2XZovu4NwcqmtZtsBR5XYLw18T8cBCnU2USFHTnYLLHz9fkhnoEMoDsqShJIOFsFhn5aJHjweiUUdTrDGujegA==",
			"dev": true,
			"dependencies": {
				"@types/node": "*"
			}
		},
		"node_modules/call-bind": {
			"version": "1.0.2",
			"resolved": "https://registry.npmjs.org/call-bind/-/call-bind-1.0.2.tgz",
			"integrity": "sha512-7O+FbCihrB5WGbFYesctwmTKae6rOiIzmz1icreWJ+0aA7LJfuqhEso2T9ncpcFtzMQtzXf2QGGueWJGTYsqrA==",
			"dependencies": {
				"function-bind": "^1.1.1",
				"get-intrinsic": "^1.0.2"
			},
			"funding": {
				"url": "https://github.com/sponsors/ljharb"
			}
		},
		"node_modules/cheap-watch": {
			"version": "1.0.3",
			"resolved": "https://registry.npmjs.org/cheap-watch/-/cheap-watch-1.0.3.tgz",
			"integrity": "sha512-xC5CruMhLzjPwJ5ecUxGu1uGmwJQykUhqd2QrCrYbwvsFYdRyviu6jG9+pccwDXJR/OpmOTOJ9yLFunVgQu9wg==",
			"dev": true,
			"engines": {
				"node": ">=8"
			}
		},
		"node_modules/colorette": {
			"version": "1.2.2",
			"resolved": "https://registry.npmjs.org/colorette/-/colorette-1.2.2.tgz",
			"integrity": "sha512-MKGMzyfeuutC/ZJ1cba9NqcNpfeqMUcYmyF1ZFY6/Cn7CNSAKx6a+s48sqLqyAiZuaP2TcqMhoo+dlwFnVxT9w==",
			"dev": true
		},
		"node_modules/cookie": {
			"version": "0.4.1",
			"resolved": "https://registry.npmjs.org/cookie/-/cookie-0.4.1.tgz",
			"integrity": "sha512-ZwrFkGJxUR3EIoXtO+yVE69Eb7KlixbaeAWfBQB9vVsNn/o+Yw69gBWSSDK825hQNdN+wF8zELf3dFNl/kxkUA==",
			"engines": {
				"node": ">= 0.6"
			}
		},
		"node_modules/debug": {
			"version": "4.3.2",
			"resolved": "https://registry.npmjs.org/debug/-/debug-4.3.2.tgz",
			"integrity": "sha512-mOp8wKcvj7XxC78zLgw/ZA+6TSgkoE2C/ienthhRD298T7UNwAg9diBpLRxC0mOezLl4B0xV7M0cCO6P/O0Xhw==",
			"dev": true,
			"dependencies": {
				"ms": "2.1.2"
			},
			"engines": {
				"node": ">=6.0"
			},
			"peerDependenciesMeta": {
				"supports-color": {
					"optional": true
				}
			}
		},
		"node_modules/detect-indent": {
			"version": "6.0.0",
			"resolved": "https://registry.npmjs.org/detect-indent/-/detect-indent-6.0.0.tgz",
			"integrity": "sha512-oSyFlqaTHCItVRGK5RmrmjB+CmaMOW7IaNA/kdxqhoa6d17j/5ce9O9eWXmV/KEdRwqpQA+Vqe8a8Bsybu4YnA==",
			"dev": true,
			"engines": {
				"node": ">=8"
			}
		},
		"node_modules/dotenv": {
			"version": "9.0.2",
			"resolved": "https://registry.npmjs.org/dotenv/-/dotenv-9.0.2.tgz",
			"integrity": "sha512-I9OvvrHp4pIARv4+x9iuewrWycX6CcZtoAu1XrzPxc5UygMJXJZYmBsynku8IkrJwgypE5DGNjDPmPRhDCptUg==",
			"engines": {
				"node": ">=10"
			}
		},
		"node_modules/esbuild": {
			"version": "0.12.20",
			"resolved": "https://registry.npmjs.org/esbuild/-/esbuild-0.12.20.tgz",
			"integrity": "sha512-u7+0qTo9Z64MD9PhooEngCmzyEYJ6ovFhPp8PLNh3UasR5Ihjv6HWVXqm8uHmasdQlpsAf0IsY4U0YVUfCpt4Q==",
			"dev": true,
			"hasInstallScript": true,
			"bin": {
				"esbuild": "bin/esbuild"
			}
		},
		"node_modules/estree-walker": {
			"version": "2.0.2",
			"resolved": "https://registry.npmjs.org/estree-walker/-/estree-walker-2.0.2.tgz",
			"integrity": "sha512-Rfkk/Mp/DL7JVje3u18FxFujQlTNR2q6QfMSMB7AvCBx91NGj/ba3kCfza0f6dVDbw7YlRf/nDrn7pQrCCyQ/w==",
			"dev": true
		},
		"node_modules/fsevents": {
			"version": "2.3.2",
			"resolved": "https://registry.npmjs.org/fsevents/-/fsevents-2.3.2.tgz",
			"integrity": "sha512-xiqMQR4xAeHTuB9uWm+fFRcIOgKBMiOBP+eXiyT7jsgVCq1bkVygt00oASowB7EdtpOHaaPgKt812P9ab+DDKA==",
			"dev": true,
			"hasInstallScript": true,
			"optional": true,
			"os": [
				"darwin"
			],
			"engines": {
				"node": "^8.16.0 || ^10.6.0 || >=11.0.0"
			}
		},
		"node_modules/function-bind": {
			"version": "1.1.1",
			"resolved": "https://registry.npmjs.org/function-bind/-/function-bind-1.1.1.tgz",
			"integrity": "sha512-yIovAzMX49sF8Yl58fSCWJ5svSLuaibPxXQJFLmBObTuCr0Mf1KiPopGM9NiFjiYBCbfaa2Fh6breQ6ANVTI0A=="
		},
		"node_modules/get-intrinsic": {
			"version": "1.1.1",
			"resolved": "https://registry.npmjs.org/get-intrinsic/-/get-intrinsic-1.1.1.tgz",
			"integrity": "sha512-kWZrnVM42QCiEA2Ig1bG8zjoIMOgxWwYCEeNdwY6Tv/cOSeGpcoX4pXHfKUxNKVoArnrEr2e9srnAxxGIraS9Q==",
			"dependencies": {
				"function-bind": "^1.1.1",
				"has": "^1.0.3",
				"has-symbols": "^1.0.1"
			},
			"funding": {
				"url": "https://github.com/sponsors/ljharb"
			}
		},
		"node_modules/globalyzer": {
			"version": "0.1.0",
			"resolved": "https://registry.npmjs.org/globalyzer/-/globalyzer-0.1.0.tgz",
			"integrity": "sha512-40oNTM9UfG6aBmuKxk/giHn5nQ8RVz/SS4Ir6zgzOv9/qC3kKZ9v4etGTcJbEl/NyVQH7FGU7d+X1egr57Md2Q==",
			"dev": true
		},
		"node_modules/globrex": {
			"version": "0.1.2",
			"resolved": "https://registry.npmjs.org/globrex/-/globrex-0.1.2.tgz",
			"integrity": "sha512-uHJgbwAMwNFf5mLst7IWLNg14x1CkeqglJb/K3doi4dw6q2IvAAmM/Y81kevy83wP+Sst+nutFTYOGg3d1lsxg==",
			"dev": true
		},
		"node_modules/has": {
			"version": "1.0.3",
			"resolved": "https://registry.npmjs.org/has/-/has-1.0.3.tgz",
			"integrity": "sha512-f2dvO0VU6Oej7RkWJGrehjbzMAjFp5/VKPp5tTpWIV4JHHZK1/BxbFRtf/siA2SWTe09caDmVtYYzWEIbBS4zw==",
			"dependencies": {
				"function-bind": "^1.1.1"
			},
			"engines": {
				"node": ">= 0.4.0"
			}
		},
		"node_modules/has-symbols": {
			"version": "1.0.2",
			"resolved": "https://registry.npmjs.org/has-symbols/-/has-symbols-1.0.2.tgz",
			"integrity": "sha512-chXa79rL/UC2KlX17jo3vRGz0azaWEx5tGqZg5pO3NUyEJVB17dMruQlzCCOfUvElghKcm5194+BCRvi2Rv/Gw==",
			"engines": {
				"node": ">= 0.4"
			},
			"funding": {
				"url": "https://github.com/sponsors/ljharb"
			}
		},
		"node_modules/is-core-module": {
			"version": "2.2.0",
			"resolved": "https://registry.npmjs.org/is-core-module/-/is-core-module-2.2.0.tgz",
			"integrity": "sha512-XRAfAdyyY5F5cOXn7hYQDqh2Xmii+DEfIcQGxK/uNwMHhIkPWO0g8msXcbzLe+MpGoR951MlqM/2iIlU4vKDdQ==",
			"dev": true,
			"dependencies": {
				"has": "^1.0.3"
			},
			"funding": {
				"url": "https://github.com/sponsors/ljharb"
			}
		},
		"node_modules/kleur": {
			"version": "4.1.4",
			"resolved": "https://registry.npmjs.org/kleur/-/kleur-4.1.4.tgz",
			"integrity": "sha512-8QADVssbrFjivHWQU7KkMgptGTl6WAcSdlbBPY4uNF+mWr6DGcKrvY2w4FQJoXch7+fKMjj0dRrL75vk3k23OA==",
			"dev": true,
			"engines": {
				"node": ">=6"
			}
		},
		"node_modules/magic-string": {
			"version": "0.25.7",
			"resolved": "https://registry.npmjs.org/magic-string/-/magic-string-0.25.7.tgz",
			"integrity": "sha512-4CrMT5DOHTDk4HYDlzmwu4FVCcIYI8gauveasrdCu2IKIFOJ3f0v/8MDGJCDL9oD2ppz/Av1b0Nj345H9M+XIA==",
			"dev": true,
			"dependencies": {
				"sourcemap-codec": "^1.4.4"
			}
		},
		"node_modules/min-indent": {
			"version": "1.0.1",
			"resolved": "https://registry.npmjs.org/min-indent/-/min-indent-1.0.1.tgz",
			"integrity": "sha512-I9jwMn07Sy/IwOj3zVkVik2JTvgpaykDZEigL6Rx6N9LbMywwUSMtxET+7lVoDLLd3O3IXwJwvuuns8UB/HeAg==",
			"dev": true,
			"engines": {
				"node": ">=4"
			}
		},
		"node_modules/mri": {
			"version": "1.1.6",
			"resolved": "https://registry.npmjs.org/mri/-/mri-1.1.6.tgz",
			"integrity": "sha512-oi1b3MfbyGa7FJMP9GmLTttni5JoICpYBRlq+x5V16fZbLsnL9N3wFqqIm/nIG43FjUFkFh9Epzp/kzUGUnJxQ==",
			"dev": true,
			"engines": {
				"node": ">=4"
			}
		},
		"node_modules/ms": {
			"version": "2.1.2",
			"resolved": "https://registry.npmjs.org/ms/-/ms-2.1.2.tgz",
			"integrity": "sha512-sGkPx+VjMtmA6MX27oA4FBFELFCZZ4S4XqeGOXCv68tT+jb3vk/RyaKWP0PTKyWtmLSM0b+adUTEvbs1PEaH2w==",
			"dev": true
		},
		"node_modules/nanoid": {
			"version": "3.1.25",
			"resolved": "https://registry.npmjs.org/nanoid/-/nanoid-3.1.25.tgz",
			"integrity": "sha512-rdwtIXaXCLFAQbnfqDRnI6jaRHp9fTcYBjtFKE8eezcZ7LuLjhUaQGNeMXf1HmRoCH32CLz6XwX0TtxEOS/A3Q==",
			"dev": true,
			"bin": {
				"nanoid": "bin/nanoid.cjs"
			},
			"engines": {
				"node": "^10 || ^12 || ^13.7 || ^14 || >=15.0.1"
			}
		},
		"node_modules/object-inspect": {
			"version": "1.10.2",
			"resolved": "https://registry.npmjs.org/object-inspect/-/object-inspect-1.10.2.tgz",
			"integrity": "sha512-gz58rdPpadwztRrPjZE9DZLOABUpTGdcANUgOwBFO1C+HZZhePoP83M65WGDmbpwFYJSWqavbl4SgDn4k8RYTA==",
			"funding": {
				"url": "https://github.com/sponsors/ljharb"
			}
		},
		"node_modules/path-parse": {
			"version": "1.0.7",
			"resolved": "https://registry.npmjs.org/path-parse/-/path-parse-1.0.7.tgz",
			"integrity": "sha512-LDJzPVEEEPR+y48z93A0Ed0yXb8pAByGWo/k5YYdYgpY2/2EsOsksJrq7lOHxryrVOn1ejG6oAp8ahvOIQD8sw==",
			"dev": true
		},
		"node_modules/picomatch": {
			"version": "2.3.0",
			"resolved": "https://registry.npmjs.org/picomatch/-/picomatch-2.3.0.tgz",
			"integrity": "sha512-lY1Q/PiJGC2zOv/z391WOTD+Z02bCgsFfvxoXXf6h7kv9o+WmsmzYqrAwY63sNgOxE4xEdq0WyUnXfKeBrSvYw==",
			"dev": true,
			"engines": {
				"node": ">=8.6"
			},
			"funding": {
				"url": "https://github.com/sponsors/jonschlinkert"
			}
		},
		"node_modules/postcss": {
			"version": "8.3.6",
			"resolved": "https://registry.npmjs.org/postcss/-/postcss-8.3.6.tgz",
			"integrity": "sha512-wG1cc/JhRgdqB6WHEuyLTedf3KIRuD0hG6ldkFEZNCjRxiC+3i6kkWUUbiJQayP28iwG35cEmAbe98585BYV0A==",
			"dev": true,
			"dependencies": {
				"colorette": "^1.2.2",
				"nanoid": "^3.1.23",
				"source-map-js": "^0.6.2"
			},
			"engines": {
				"node": "^10 || ^12 || >=14"
			},
			"funding": {
				"type": "opencollective",
				"url": "https://opencollective.com/postcss/"
			}
		},
		"node_modules/prettier": {
			"version": "2.3.0",
			"resolved": "https://registry.npmjs.org/prettier/-/prettier-2.3.0.tgz",
			"integrity": "sha512-kXtO4s0Lz/DW/IJ9QdWhAf7/NmPWQXkFr/r/WkR3vyI+0v8amTDxiaQSLzs8NBlytfLWX/7uQUMIW677yLKl4w==",
			"dev": true,
			"bin": {
				"prettier": "bin-prettier.js"
			},
			"engines": {
				"node": ">=10.13.0"
			}
		},
		"node_modules/prettier-plugin-svelte": {
			"version": "2.3.0",
			"resolved": "https://registry.npmjs.org/prettier-plugin-svelte/-/prettier-plugin-svelte-2.3.0.tgz",
			"integrity": "sha512-HTzXvSq7lWFuLsSaxYOUkGkVNCl3RrSjDCOgQjkBX5FQGmWjL8o3IFACSGhjPMMfWKADpapAr0zdbBWkND9mqw==",
			"dev": true,
			"peerDependencies": {
				"prettier": "^1.16.4 || ^2.0.0",
				"svelte": "^3.2.0"
			}
		},
		"node_modules/qs": {
			"version": "6.10.1",
			"resolved": "https://registry.npmjs.org/qs/-/qs-6.10.1.tgz",
			"integrity": "sha512-M528Hph6wsSVOBiYUnGf+K/7w0hNshs/duGsNXPUCLH5XAqjEtiPGwNONLV0tBH8NoGb0mvD5JubnUTrujKDTg==",
			"dependencies": {
				"side-channel": "^1.0.4"
			},
			"engines": {
				"node": ">=0.6"
			},
			"funding": {
				"url": "https://github.com/sponsors/ljharb"
			}
		},
		"node_modules/require-relative": {
			"version": "0.8.7",
			"resolved": "https://registry.npmjs.org/require-relative/-/require-relative-0.8.7.tgz",
			"integrity": "sha1-eZlTn8ngR6N5KPoZb44VY9q9Nt4=",
			"dev": true
		},
		"node_modules/resolve": {
			"version": "1.20.0",
			"resolved": "https://registry.npmjs.org/resolve/-/resolve-1.20.0.tgz",
			"integrity": "sha512-wENBPt4ySzg4ybFQW2TT1zMQucPK95HSh/nq2CFTZVOGut2+pQvSsgtda4d26YrYcr067wjbmzOG8byDPBX63A==",
			"dev": true,
			"dependencies": {
				"is-core-module": "^2.2.0",
				"path-parse": "^1.0.6"
			},
			"funding": {
				"url": "https://github.com/sponsors/ljharb"
			}
		},
		"node_modules/rollup": {
			"version": "2.45.2",
			"resolved": "https://registry.npmjs.org/rollup/-/rollup-2.45.2.tgz",
			"integrity": "sha512-kRRU7wXzFHUzBIv0GfoFFIN3m9oteY4uAsKllIpQDId5cfnkWF2J130l+27dzDju0E6MScKiV0ZM5Bw8m4blYQ==",
			"dev": true,
			"bin": {
				"rollup": "dist/bin/rollup"
			},
			"engines": {
				"node": ">=10.0.0"
			},
			"optionalDependencies": {
				"fsevents": "~2.3.1"
			}
		},
		"node_modules/sade": {
			"version": "1.7.4",
			"resolved": "https://registry.npmjs.org/sade/-/sade-1.7.4.tgz",
			"integrity": "sha512-y5yauMD93rX840MwUJr7C1ysLFBgMspsdTo4UVrDg3fXDvtwOyIqykhVAAm6fk/3au77773itJStObgK+LKaiA==",
			"dev": true,
			"dependencies": {
				"mri": "^1.1.0"
			},
			"engines": {
				"node": ">= 6"
			}
		},
		"node_modules/side-channel": {
			"version": "1.0.4",
			"resolved": "https://registry.npmjs.org/side-channel/-/side-channel-1.0.4.tgz",
			"integrity": "sha512-q5XPytqFEIKHkGdiMIrY10mvLRvnQh42/+GoBlFW3b2LXLE2xxJpZFdm94we0BaoV3RwJyGqg5wS7epxTv0Zvw==",
			"dependencies": {
				"call-bind": "^1.0.0",
				"get-intrinsic": "^1.0.2",
				"object-inspect": "^1.9.0"
			},
			"funding": {
				"url": "https://github.com/sponsors/ljharb"
			}
		},
		"node_modules/source-map-js": {
			"version": "0.6.2",
			"resolved": "https://registry.npmjs.org/source-map-js/-/source-map-js-0.6.2.tgz",
			"integrity": "sha512-/3GptzWzu0+0MBQFrDKzw/DvvMTUORvgY6k6jd/VS6iCR4RDTKWH6v6WPwQoUO8667uQEf9Oe38DxAYWY5F/Ug==",
			"dev": true,
			"engines": {
				"node": ">=0.10.0"
			}
		},
		"node_modules/sourcemap-codec": {
			"version": "1.4.8",
			"resolved": "https://registry.npmjs.org/sourcemap-codec/-/sourcemap-codec-1.4.8.tgz",
			"integrity": "sha512-9NykojV5Uih4lgo5So5dtw+f0JgJX30KCNI8gwhz2J9A15wD0Ml6tjHKwf6fTSa6fAdVBdZeNOs9eJ71qCk8vA==",
			"dev": true
		},
		"node_modules/strip-indent": {
			"version": "3.0.0",
			"resolved": "https://registry.npmjs.org/strip-indent/-/strip-indent-3.0.0.tgz",
			"integrity": "sha512-laJTa3Jb+VQpaC6DseHhF7dXVqHTfJPCRDaEbid/drOhgitgYku/letMUqOXFoWV0zIIUbjpdH2t+tYj4bQMRQ==",
			"dev": true,
			"dependencies": {
				"min-indent": "^1.0.0"
			},
			"engines": {
				"node": ">=8"
			}
		},
		"node_modules/stripe": {
			"version": "8.148.0",
			"resolved": "https://registry.npmjs.org/stripe/-/stripe-8.148.0.tgz",
			"integrity": "sha512-xBpYJxMVGaZFrF3r2cHytiZOTwQC/i/7bx5ttVdb4KsK/9xYuXclQZkOwMZVxTGhKWnpoLc1gOFWa0CZE1D8uA==",
			"dependencies": {
				"@types/node": ">=8.1.0",
				"qs": "^6.6.0"
			},
			"engines": {
				"node": "^8.1 || >=10.*"
			}
		},
		"node_modules/svelte": {
			"version": "3.42.1",
			"resolved": "https://registry.npmjs.org/svelte/-/svelte-3.42.1.tgz",
			"integrity": "sha512-XtExLd2JAU3T7M2g/DkO3UNj/3n1WdTXrfL63OZ5nZq7nAqd9wQw+lR4Pv/wkVbrWbAIPfLDX47UjFdmnY+YtQ==",
			"dev": true,
			"engines": {
				"node": ">= 8"
			}
		},
		"node_modules/svelte-hmr": {
			"version": "0.14.7",
			"resolved": "https://registry.npmjs.org/svelte-hmr/-/svelte-hmr-0.14.7.tgz",
			"integrity": "sha512-pDrzgcWSoMaK6AJkBWkmgIsecW0GChxYZSZieIYfCP0v2oPyx2CYU/zm7TBIcjLVUPP714WxmViE9Thht4etog==",
			"dev": true,
			"peerDependencies": {
				"svelte": ">=3.19.0"
			}
		},
		"node_modules/svelte-preprocess": {
			"version": "4.7.2",
			"resolved": "https://registry.npmjs.org/svelte-preprocess/-/svelte-preprocess-4.7.2.tgz",
			"integrity": "sha512-EToG+08rEsA33btv+C5g2qnRArwpTc5AoU0QBB3ZEkYagxAb2yPNsy0qsmtvbJOTBMy6o3oyijDdl3DMpMvpEg==",
			"dev": true,
			"hasInstallScript": true,
			"dependencies": {
				"@types/pug": "^2.0.4",
				"@types/sass": "^1.16.0",
				"detect-indent": "^6.0.0",
				"strip-indent": "^3.0.0"
			},
			"engines": {
				"node": ">= 9.11.2"
			},
			"peerDependencies": {
				"@babel/core": "^7.10.2",
				"coffeescript": "^2.5.1",
				"less": "^3.11.3",
				"postcss": "^7 || ^8",
				"postcss-load-config": "^2.1.0 || ^3.0.0",
				"pug": "^3.0.0",
				"sass": "^1.26.8",
				"stylus": "^0.54.7",
				"sugarss": "^2.0.0",
				"svelte": "^3.23.0",
				"typescript": "^3.9.5 || ^4.0.0"
			},
			"peerDependenciesMeta": {
				"@babel/core": {
					"optional": true
				},
				"coffeescript": {
					"optional": true
				},
				"less": {
					"optional": true
				},
				"node-sass": {
					"optional": true
				},
				"postcss": {
					"optional": true
				},
				"postcss-load-config": {
					"optional": true
				},
				"pug": {
					"optional": true
				},
				"sass": {
					"optional": true
				},
				"stylus": {
					"optional": true
				},
				"sugarss": {
					"optional": true
				},
				"typescript": {
					"optional": true
				}
			}
		},
		"node_modules/tiny-glob": {
			"version": "0.2.9",
			"resolved": "https://registry.npmjs.org/tiny-glob/-/tiny-glob-0.2.9.tgz",
			"integrity": "sha512-g/55ssRPUjShh+xkfx9UPDXqhckHEsHr4Vd9zX55oSdGZc/MD0m3sferOkwWtp98bv+kcVfEHtRJgBVJzelrzg==",
			"dev": true,
			"dependencies": {
				"globalyzer": "0.1.0",
				"globrex": "^0.1.2"
			}
		},
		"node_modules/tslib": {
			"version": "2.2.0",
			"resolved": "https://registry.npmjs.org/tslib/-/tslib-2.2.0.tgz",
			"integrity": "sha512-gS9GVHRU+RGn5KQM2rllAlR3dU6m7AcpJKdtH8gFvQiC4Otgk98XnmMU+nZenHt/+VhnBPWwgrJsyrdcw6i23w==",
			"dev": true
		},
		"node_modules/typescript": {
			"version": "4.2.4",
			"resolved": "https://registry.npmjs.org/typescript/-/typescript-4.2.4.tgz",
			"integrity": "sha512-V+evlYHZnQkaz8TRBuxTA92yZBPotr5H+WhQ7bD3hZUndx5tGOa1fuCgeSjxAzM1RiN5IzvadIXTVefuuwZCRg==",
			"dev": true,
			"bin": {
				"tsc": "bin/tsc",
				"tsserver": "bin/tsserver"
			},
			"engines": {
				"node": ">=4.2.0"
			}
		},
		"node_modules/vite": {
			"version": "2.5.0",
			"resolved": "https://registry.npmjs.org/vite/-/vite-2.5.0.tgz",
			"integrity": "sha512-Dn4B+g54PJsMG5WCc4QeFy1ygMXRdTtFrUPegqfk4+vzVQcbF/DqqmI/1bxezArzbujBJg/67QeT5wz8edfJVQ==",
			"dev": true,
			"dependencies": {
				"esbuild": "^0.12.17",
				"postcss": "^8.3.6",
				"resolve": "^1.20.0",
				"rollup": "^2.38.5"
			},
			"bin": {
				"vite": "bin/vite.js"
			},
			"engines": {
				"node": ">=12.2.0"
			},
			"optionalDependencies": {
				"fsevents": "~2.3.2"
			}
		}
	},
	"dependencies": {
		"@fontsource/fira-mono": {
			"version": "4.2.2",
			"resolved": "https://registry.npmjs.org/@fontsource/fira-mono/-/fira-mono-4.2.2.tgz",
			"integrity": "sha512-t2WRThg+eLkQNQCtPG2sCCq40lz3xeb7nsL7P8l4+wfSRbdLQXAY5IebMftI2YEZR4MRRhdgrg0p5fi/2yXypA=="
		},
		"@iarna/toml": {
			"version": "2.2.5",
			"resolved": "https://registry.npmjs.org/@iarna/toml/-/toml-2.2.5.tgz",
			"integrity": "sha512-trnsAYxU3xnS1gPHPyU961coFyLkh4gAD/0zQ5mymY4yOZ+CYvsPqUbOFSw0aDM4y0tV7tiFxL/1XfXPNC6IPg==",
			"dev": true
		},
		"@lukeed/csprng": {
			"version": "1.0.0",
			"resolved": "https://registry.npmjs.org/@lukeed/csprng/-/csprng-1.0.0.tgz",
			"integrity": "sha512-ruuGHsnabmObBdeMg3vKdGRmh06Oog3eFpf/Tk6X0kDSJDpJTDCj2dqdp1+0VjzIUgHlFF9GBm7uFqfYhhdX9g=="
		},
		"@lukeed/uuid": {
			"version": "2.0.0",
			"resolved": "https://registry.npmjs.org/@lukeed/uuid/-/uuid-2.0.0.tgz",
			"integrity": "sha512-dUz8OmYvlY5A9wXaroHIMSPASpSYRLCqbPvxGSyHguhtTQIy24lC+EGxQlwv71AhRCO55WOtgwhzQLpw27JaJQ==",
			"requires": {
				"@lukeed/csprng": "^1.0.0"
			}
		},
		"@rollup/pluginutils": {
			"version": "4.1.1",
			"resolved": "https://registry.npmjs.org/@rollup/pluginutils/-/pluginutils-4.1.1.tgz",
			"integrity": "sha512-clDjivHqWGXi7u+0d2r2sBi4Ie6VLEAzWMIkvJLnDmxoOhBYOTfzGbOQBA32THHm11/LiJbd01tJUpJsbshSWQ==",
			"dev": true,
			"requires": {
				"estree-walker": "^2.0.1",
				"picomatch": "^2.2.2"
			}
		},
		"@stripe/stripe-js": {
			"version": "1.13.2",
			"resolved": "https://registry.npmjs.org/@stripe/stripe-js/-/stripe-js-1.13.2.tgz",
			"integrity": "sha512-fycUk7ECukNc31lD5apcrUgdRC1BfiIacs+CpacoCjOgo3ablolnWCvDQWMmVWtODYa8bBv2dlBla+Edc5OvZg==",
			"dev": true
		},
		"@sveltejs/adapter-netlify": {
			"version": "1.0.0-next.27",
			"resolved": "https://registry.npmjs.org/@sveltejs/adapter-netlify/-/adapter-netlify-1.0.0-next.27.tgz",
			"integrity": "sha512-t3kU2tJdCWmHwTBf+BRzzvYaM8ApxL+DEKtU1dUMI3bA8AgkpwkSHYiqZ75U2C+whi4mde+z15PeUFaUWzlKXA==",
			"dev": true,
			"requires": {
				"@iarna/toml": "^2.2.5",
				"esbuild": "^0.12.5"
			}
		},
		"@sveltejs/adapter-node": {
			"version": "1.0.0-next.42",
			"resolved": "https://registry.npmjs.org/@sveltejs/adapter-node/-/adapter-node-1.0.0-next.42.tgz",
			"integrity": "sha512-v7wd07I1iN6D9tY6GK5bMKxrCZKyTUr6/fKfODGMYFg9MAE6L19dqseuPmvbxFakxLEn5x3smmwTv/d5NYQkJg==",
			"dev": true,
			"requires": {
				"esbuild": "^0.12.5",
				"tiny-glob": "^0.2.9"
			}
		},
		"@sveltejs/kit": {
			"version": "1.0.0-next.151",
			"resolved": "https://registry.npmjs.org/@sveltejs/kit/-/kit-1.0.0-next.151.tgz",
			"integrity": "sha512-dioqHt4XxqiZ+5dEL6hFG1fBuVMc5t9l9bmvUeJX6neyut432IcVLdl4t3utmD10Lu8fbybJPRkHy1PVAbHWwQ==",
			"dev": true,
			"requires": {
				"@sveltejs/vite-plugin-svelte": "^1.0.0-next.16",
				"cheap-watch": "^1.0.3",
				"sade": "^1.7.4",
				"vite": "^2.4.3"
			}
		},
		"@sveltejs/vite-plugin-svelte": {
			"version": "1.0.0-next.17",
			"resolved": "https://registry.npmjs.org/@sveltejs/vite-plugin-svelte/-/vite-plugin-svelte-1.0.0-next.17.tgz",
			"integrity": "sha512-Xh/YYqBMDJnDheutnGHk/I5TO6w9gZ2GMgvG+qQm/gpIRkaTLts6Mw5xDe6cac/nH/aVPPVPibhq2pf26d44fA==",
			"dev": true,
			"requires": {
				"@rollup/pluginutils": "^4.1.1",
				"debug": "^4.3.2",
				"kleur": "^4.1.4",
				"magic-string": "^0.25.7",
				"require-relative": "^0.8.7",
				"svelte-hmr": "^0.14.7"
			}
		},
		"@types/node": {
			"version": "14.14.41",
			"resolved": "https://registry.npmjs.org/@types/node/-/node-14.14.41.tgz",
			"integrity": "sha512-dueRKfaJL4RTtSa7bWeTK1M+VH+Gns73oCgzvYfHZywRCoPSd8EkXBL0mZ9unPTveBn+D9phZBaxuzpwjWkW0g=="
		},
		"@types/pug": {
			"version": "2.0.4",
			"resolved": "https://registry.npmjs.org/@types/pug/-/pug-2.0.4.tgz",
			"integrity": "sha1-h3L80EGOPNLMFxVV1zAHQVBR9LI=",
			"dev": true
		},
		"@types/sass": {
			"version": "1.16.0",
			"resolved": "https://registry.npmjs.org/@types/sass/-/sass-1.16.0.tgz",
			"integrity": "sha512-2XZovu4NwcqmtZtsBR5XYLw18T8cBCnU2USFHTnYLLHz9fkhnoEMoDsqShJIOFsFhn5aJHjweiUUdTrDGujegA==",
			"dev": true,
			"requires": {
				"@types/node": "*"
			}
		},
		"call-bind": {
			"version": "1.0.2",
			"resolved": "https://registry.npmjs.org/call-bind/-/call-bind-1.0.2.tgz",
			"integrity": "sha512-7O+FbCihrB5WGbFYesctwmTKae6rOiIzmz1icreWJ+0aA7LJfuqhEso2T9ncpcFtzMQtzXf2QGGueWJGTYsqrA==",
			"requires": {
				"function-bind": "^1.1.1",
				"get-intrinsic": "^1.0.2"
			}
		},
		"cheap-watch": {
			"version": "1.0.3",
			"resolved": "https://registry.npmjs.org/cheap-watch/-/cheap-watch-1.0.3.tgz",
			"integrity": "sha512-xC5CruMhLzjPwJ5ecUxGu1uGmwJQykUhqd2QrCrYbwvsFYdRyviu6jG9+pccwDXJR/OpmOTOJ9yLFunVgQu9wg==",
			"dev": true
		},
		"colorette": {
			"version": "1.2.2",
			"resolved": "https://registry.npmjs.org/colorette/-/colorette-1.2.2.tgz",
			"integrity": "sha512-MKGMzyfeuutC/ZJ1cba9NqcNpfeqMUcYmyF1ZFY6/Cn7CNSAKx6a+s48sqLqyAiZuaP2TcqMhoo+dlwFnVxT9w==",
			"dev": true
		},
		"cookie": {
			"version": "0.4.1",
			"resolved": "https://registry.npmjs.org/cookie/-/cookie-0.4.1.tgz",
			"integrity": "sha512-ZwrFkGJxUR3EIoXtO+yVE69Eb7KlixbaeAWfBQB9vVsNn/o+Yw69gBWSSDK825hQNdN+wF8zELf3dFNl/kxkUA=="
		},
		"debug": {
			"version": "4.3.2",
			"resolved": "https://registry.npmjs.org/debug/-/debug-4.3.2.tgz",
			"integrity": "sha512-mOp8wKcvj7XxC78zLgw/ZA+6TSgkoE2C/ienthhRD298T7UNwAg9diBpLRxC0mOezLl4B0xV7M0cCO6P/O0Xhw==",
			"dev": true,
			"requires": {
				"ms": "2.1.2"
			}
		},
		"detect-indent": {
			"version": "6.0.0",
			"resolved": "https://registry.npmjs.org/detect-indent/-/detect-indent-6.0.0.tgz",
			"integrity": "sha512-oSyFlqaTHCItVRGK5RmrmjB+CmaMOW7IaNA/kdxqhoa6d17j/5ce9O9eWXmV/KEdRwqpQA+Vqe8a8Bsybu4YnA==",
			"dev": true
		},
		"dotenv": {
			"version": "9.0.2",
			"resolved": "https://registry.npmjs.org/dotenv/-/dotenv-9.0.2.tgz",
			"integrity": "sha512-I9OvvrHp4pIARv4+x9iuewrWycX6CcZtoAu1XrzPxc5UygMJXJZYmBsynku8IkrJwgypE5DGNjDPmPRhDCptUg=="
		},
		"esbuild": {
			"version": "0.12.20",
			"resolved": "https://registry.npmjs.org/esbuild/-/esbuild-0.12.20.tgz",
			"integrity": "sha512-u7+0qTo9Z64MD9PhooEngCmzyEYJ6ovFhPp8PLNh3UasR5Ihjv6HWVXqm8uHmasdQlpsAf0IsY4U0YVUfCpt4Q==",
			"dev": true
		},
		"estree-walker": {
			"version": "2.0.2",
			"resolved": "https://registry.npmjs.org/estree-walker/-/estree-walker-2.0.2.tgz",
			"integrity": "sha512-Rfkk/Mp/DL7JVje3u18FxFujQlTNR2q6QfMSMB7AvCBx91NGj/ba3kCfza0f6dVDbw7YlRf/nDrn7pQrCCyQ/w==",
			"dev": true
		},
		"fsevents": {
			"version": "2.3.2",
			"resolved": "https://registry.npmjs.org/fsevents/-/fsevents-2.3.2.tgz",
			"integrity": "sha512-xiqMQR4xAeHTuB9uWm+fFRcIOgKBMiOBP+eXiyT7jsgVCq1bkVygt00oASowB7EdtpOHaaPgKt812P9ab+DDKA==",
			"dev": true,
			"optional": true
		},
		"function-bind": {
			"version": "1.1.1",
			"resolved": "https://registry.npmjs.org/function-bind/-/function-bind-1.1.1.tgz",
			"integrity": "sha512-yIovAzMX49sF8Yl58fSCWJ5svSLuaibPxXQJFLmBObTuCr0Mf1KiPopGM9NiFjiYBCbfaa2Fh6breQ6ANVTI0A=="
		},
		"get-intrinsic": {
			"version": "1.1.1",
			"resolved": "https://registry.npmjs.org/get-intrinsic/-/get-intrinsic-1.1.1.tgz",
			"integrity": "sha512-kWZrnVM42QCiEA2Ig1bG8zjoIMOgxWwYCEeNdwY6Tv/cOSeGpcoX4pXHfKUxNKVoArnrEr2e9srnAxxGIraS9Q==",
			"requires": {
				"function-bind": "^1.1.1",
				"has": "^1.0.3",
				"has-symbols": "^1.0.1"
			}
		},
		"globalyzer": {
			"version": "0.1.0",
			"resolved": "https://registry.npmjs.org/globalyzer/-/globalyzer-0.1.0.tgz",
			"integrity": "sha512-40oNTM9UfG6aBmuKxk/giHn5nQ8RVz/SS4Ir6zgzOv9/qC3kKZ9v4etGTcJbEl/NyVQH7FGU7d+X1egr57Md2Q==",
			"dev": true
		},
		"globrex": {
			"version": "0.1.2",
			"resolved": "https://registry.npmjs.org/globrex/-/globrex-0.1.2.tgz",
			"integrity": "sha512-uHJgbwAMwNFf5mLst7IWLNg14x1CkeqglJb/K3doi4dw6q2IvAAmM/Y81kevy83wP+Sst+nutFTYOGg3d1lsxg==",
			"dev": true
		},
		"has": {
			"version": "1.0.3",
			"resolved": "https://registry.npmjs.org/has/-/has-1.0.3.tgz",
			"integrity": "sha512-f2dvO0VU6Oej7RkWJGrehjbzMAjFp5/VKPp5tTpWIV4JHHZK1/BxbFRtf/siA2SWTe09caDmVtYYzWEIbBS4zw==",
			"requires": {
				"function-bind": "^1.1.1"
			}
		},
		"has-symbols": {
			"version": "1.0.2",
			"resolved": "https://registry.npmjs.org/has-symbols/-/has-symbols-1.0.2.tgz",
			"integrity": "sha512-chXa79rL/UC2KlX17jo3vRGz0azaWEx5tGqZg5pO3NUyEJVB17dMruQlzCCOfUvElghKcm5194+BCRvi2Rv/Gw=="
		},
		"is-core-module": {
			"version": "2.2.0",
			"resolved": "https://registry.npmjs.org/is-core-module/-/is-core-module-2.2.0.tgz",
			"integrity": "sha512-XRAfAdyyY5F5cOXn7hYQDqh2Xmii+DEfIcQGxK/uNwMHhIkPWO0g8msXcbzLe+MpGoR951MlqM/2iIlU4vKDdQ==",
			"dev": true,
			"requires": {
				"has": "^1.0.3"
			}
		},
		"kleur": {
			"version": "4.1.4",
			"resolved": "https://registry.npmjs.org/kleur/-/kleur-4.1.4.tgz",
			"integrity": "sha512-8QADVssbrFjivHWQU7KkMgptGTl6WAcSdlbBPY4uNF+mWr6DGcKrvY2w4FQJoXch7+fKMjj0dRrL75vk3k23OA==",
			"dev": true
		},
		"magic-string": {
			"version": "0.25.7",
			"resolved": "https://registry.npmjs.org/magic-string/-/magic-string-0.25.7.tgz",
			"integrity": "sha512-4CrMT5DOHTDk4HYDlzmwu4FVCcIYI8gauveasrdCu2IKIFOJ3f0v/8MDGJCDL9oD2ppz/Av1b0Nj345H9M+XIA==",
			"dev": true,
			"requires": {
				"sourcemap-codec": "^1.4.4"
			}
		},
		"min-indent": {
			"version": "1.0.1",
			"resolved": "https://registry.npmjs.org/min-indent/-/min-indent-1.0.1.tgz",
			"integrity": "sha512-I9jwMn07Sy/IwOj3zVkVik2JTvgpaykDZEigL6Rx6N9LbMywwUSMtxET+7lVoDLLd3O3IXwJwvuuns8UB/HeAg==",
			"dev": true
		},
		"mri": {
			"version": "1.1.6",
			"resolved": "https://registry.npmjs.org/mri/-/mri-1.1.6.tgz",
			"integrity": "sha512-oi1b3MfbyGa7FJMP9GmLTttni5JoICpYBRlq+x5V16fZbLsnL9N3wFqqIm/nIG43FjUFkFh9Epzp/kzUGUnJxQ==",
			"dev": true
		},
		"ms": {
			"version": "2.1.2",
			"resolved": "https://registry.npmjs.org/ms/-/ms-2.1.2.tgz",
			"integrity": "sha512-sGkPx+VjMtmA6MX27oA4FBFELFCZZ4S4XqeGOXCv68tT+jb3vk/RyaKWP0PTKyWtmLSM0b+adUTEvbs1PEaH2w==",
			"dev": true
		},
		"nanoid": {
			"version": "3.1.25",
			"resolved": "https://registry.npmjs.org/nanoid/-/nanoid-3.1.25.tgz",
			"integrity": "sha512-rdwtIXaXCLFAQbnfqDRnI6jaRHp9fTcYBjtFKE8eezcZ7LuLjhUaQGNeMXf1HmRoCH32CLz6XwX0TtxEOS/A3Q==",
			"dev": true
		},
		"object-inspect": {
			"version": "1.10.2",
			"resolved": "https://registry.npmjs.org/object-inspect/-/object-inspect-1.10.2.tgz",
			"integrity": "sha512-gz58rdPpadwztRrPjZE9DZLOABUpTGdcANUgOwBFO1C+HZZhePoP83M65WGDmbpwFYJSWqavbl4SgDn4k8RYTA=="
		},
		"path-parse": {
			"version": "1.0.7",
			"resolved": "https://registry.npmjs.org/path-parse/-/path-parse-1.0.7.tgz",
			"integrity": "sha512-LDJzPVEEEPR+y48z93A0Ed0yXb8pAByGWo/k5YYdYgpY2/2EsOsksJrq7lOHxryrVOn1ejG6oAp8ahvOIQD8sw==",
			"dev": true
		},
		"picomatch": {
			"version": "2.3.0",
			"resolved": "https://registry.npmjs.org/picomatch/-/picomatch-2.3.0.tgz",
			"integrity": "sha512-lY1Q/PiJGC2zOv/z391WOTD+Z02bCgsFfvxoXXf6h7kv9o+WmsmzYqrAwY63sNgOxE4xEdq0WyUnXfKeBrSvYw==",
			"dev": true
		},
		"postcss": {
			"version": "8.3.6",
			"resolved": "https://registry.npmjs.org/postcss/-/postcss-8.3.6.tgz",
			"integrity": "sha512-wG1cc/JhRgdqB6WHEuyLTedf3KIRuD0hG6ldkFEZNCjRxiC+3i6kkWUUbiJQayP28iwG35cEmAbe98585BYV0A==",
			"dev": true,
			"requires": {
				"colorette": "^1.2.2",
				"nanoid": "^3.1.23",
				"source-map-js": "^0.6.2"
			}
		},
		"prettier": {
			"version": "2.3.0",
			"resolved": "https://registry.npmjs.org/prettier/-/prettier-2.3.0.tgz",
			"integrity": "sha512-kXtO4s0Lz/DW/IJ9QdWhAf7/NmPWQXkFr/r/WkR3vyI+0v8amTDxiaQSLzs8NBlytfLWX/7uQUMIW677yLKl4w==",
			"dev": true
		},
		"prettier-plugin-svelte": {
			"version": "2.3.0",
			"resolved": "https://registry.npmjs.org/prettier-plugin-svelte/-/prettier-plugin-svelte-2.3.0.tgz",
			"integrity": "sha512-HTzXvSq7lWFuLsSaxYOUkGkVNCl3RrSjDCOgQjkBX5FQGmWjL8o3IFACSGhjPMMfWKADpapAr0zdbBWkND9mqw==",
			"dev": true,
			"requires": {}
		},
		"qs": {
			"version": "6.10.1",
			"resolved": "https://registry.npmjs.org/qs/-/qs-6.10.1.tgz",
			"integrity": "sha512-M528Hph6wsSVOBiYUnGf+K/7w0hNshs/duGsNXPUCLH5XAqjEtiPGwNONLV0tBH8NoGb0mvD5JubnUTrujKDTg==",
			"requires": {
				"side-channel": "^1.0.4"
			}
		},
		"require-relative": {
			"version": "0.8.7",
			"resolved": "https://registry.npmjs.org/require-relative/-/require-relative-0.8.7.tgz",
			"integrity": "sha1-eZlTn8ngR6N5KPoZb44VY9q9Nt4=",
			"dev": true
		},
		"resolve": {
			"version": "1.20.0",
			"resolved": "https://registry.npmjs.org/resolve/-/resolve-1.20.0.tgz",
			"integrity": "sha512-wENBPt4ySzg4ybFQW2TT1zMQucPK95HSh/nq2CFTZVOGut2+pQvSsgtda4d26YrYcr067wjbmzOG8byDPBX63A==",
			"dev": true,
			"requires": {
				"is-core-module": "^2.2.0",
				"path-parse": "^1.0.6"
			}
		},
		"rollup": {
			"version": "2.45.2",
			"resolved": "https://registry.npmjs.org/rollup/-/rollup-2.45.2.tgz",
			"integrity": "sha512-kRRU7wXzFHUzBIv0GfoFFIN3m9oteY4uAsKllIpQDId5cfnkWF2J130l+27dzDju0E6MScKiV0ZM5Bw8m4blYQ==",
			"dev": true,
			"requires": {
				"fsevents": "~2.3.1"
			}
		},
		"sade": {
			"version": "1.7.4",
			"resolved": "https://registry.npmjs.org/sade/-/sade-1.7.4.tgz",
			"integrity": "sha512-y5yauMD93rX840MwUJr7C1ysLFBgMspsdTo4UVrDg3fXDvtwOyIqykhVAAm6fk/3au77773itJStObgK+LKaiA==",
			"dev": true,
			"requires": {
				"mri": "^1.1.0"
			}
		},
		"side-channel": {
			"version": "1.0.4",
			"resolved": "https://registry.npmjs.org/side-channel/-/side-channel-1.0.4.tgz",
			"integrity": "sha512-q5XPytqFEIKHkGdiMIrY10mvLRvnQh42/+GoBlFW3b2LXLE2xxJpZFdm94we0BaoV3RwJyGqg5wS7epxTv0Zvw==",
			"requires": {
				"call-bind": "^1.0.0",
				"get-intrinsic": "^1.0.2",
				"object-inspect": "^1.9.0"
			}
		},
		"source-map-js": {
			"version": "0.6.2",
			"resolved": "https://registry.npmjs.org/source-map-js/-/source-map-js-0.6.2.tgz",
			"integrity": "sha512-/3GptzWzu0+0MBQFrDKzw/DvvMTUORvgY6k6jd/VS6iCR4RDTKWH6v6WPwQoUO8667uQEf9Oe38DxAYWY5F/Ug==",
			"dev": true
		},
		"sourcemap-codec": {
			"version": "1.4.8",
			"resolved": "https://registry.npmjs.org/sourcemap-codec/-/sourcemap-codec-1.4.8.tgz",
			"integrity": "sha512-9NykojV5Uih4lgo5So5dtw+f0JgJX30KCNI8gwhz2J9A15wD0Ml6tjHKwf6fTSa6fAdVBdZeNOs9eJ71qCk8vA==",
			"dev": true
		},
		"strip-indent": {
			"version": "3.0.0",
			"resolved": "https://registry.npmjs.org/strip-indent/-/strip-indent-3.0.0.tgz",
			"integrity": "sha512-laJTa3Jb+VQpaC6DseHhF7dXVqHTfJPCRDaEbid/drOhgitgYku/letMUqOXFoWV0zIIUbjpdH2t+tYj4bQMRQ==",
			"dev": true,
			"requires": {
				"min-indent": "^1.0.0"
			}
		},
		"stripe": {
			"version": "8.148.0",
			"resolved": "https://registry.npmjs.org/stripe/-/stripe-8.148.0.tgz",
			"integrity": "sha512-xBpYJxMVGaZFrF3r2cHytiZOTwQC/i/7bx5ttVdb4KsK/9xYuXclQZkOwMZVxTGhKWnpoLc1gOFWa0CZE1D8uA==",
			"requires": {
				"@types/node": ">=8.1.0",
				"qs": "^6.6.0"
			}
		},
		"svelte": {
			"version": "3.42.1",
			"resolved": "https://registry.npmjs.org/svelte/-/svelte-3.42.1.tgz",
			"integrity": "sha512-XtExLd2JAU3T7M2g/DkO3UNj/3n1WdTXrfL63OZ5nZq7nAqd9wQw+lR4Pv/wkVbrWbAIPfLDX47UjFdmnY+YtQ==",
			"dev": true
		},
		"svelte-hmr": {
			"version": "0.14.7",
			"resolved": "https://registry.npmjs.org/svelte-hmr/-/svelte-hmr-0.14.7.tgz",
			"integrity": "sha512-pDrzgcWSoMaK6AJkBWkmgIsecW0GChxYZSZieIYfCP0v2oPyx2CYU/zm7TBIcjLVUPP714WxmViE9Thht4etog==",
			"dev": true,
			"requires": {}
		},
		"svelte-preprocess": {
			"version": "4.7.2",
			"resolved": "https://registry.npmjs.org/svelte-preprocess/-/svelte-preprocess-4.7.2.tgz",
			"integrity": "sha512-EToG+08rEsA33btv+C5g2qnRArwpTc5AoU0QBB3ZEkYagxAb2yPNsy0qsmtvbJOTBMy6o3oyijDdl3DMpMvpEg==",
			"dev": true,
			"requires": {
				"@types/pug": "^2.0.4",
				"@types/sass": "^1.16.0",
				"detect-indent": "^6.0.0",
				"strip-indent": "^3.0.0"
			}
		},
		"tiny-glob": {
			"version": "0.2.9",
			"resolved": "https://registry.npmjs.org/tiny-glob/-/tiny-glob-0.2.9.tgz",
			"integrity": "sha512-g/55ssRPUjShh+xkfx9UPDXqhckHEsHr4Vd9zX55oSdGZc/MD0m3sferOkwWtp98bv+kcVfEHtRJgBVJzelrzg==",
			"dev": true,
			"requires": {
				"globalyzer": "0.1.0",
				"globrex": "^0.1.2"
			}
		},
		"tslib": {
			"version": "2.2.0",
			"resolved": "https://registry.npmjs.org/tslib/-/tslib-2.2.0.tgz",
			"integrity": "sha512-gS9GVHRU+RGn5KQM2rllAlR3dU6m7AcpJKdtH8gFvQiC4Otgk98XnmMU+nZenHt/+VhnBPWwgrJsyrdcw6i23w==",
			"dev": true
		},
		"typescript": {
			"version": "4.2.4",
			"resolved": "https://registry.npmjs.org/typescript/-/typescript-4.2.4.tgz",
			"integrity": "sha512-V+evlYHZnQkaz8TRBuxTA92yZBPotr5H+WhQ7bD3hZUndx5tGOa1fuCgeSjxAzM1RiN5IzvadIXTVefuuwZCRg==",
			"dev": true
		},
		"vite": {
			"version": "2.5.0",
			"resolved": "https://registry.npmjs.org/vite/-/vite-2.5.0.tgz",
			"integrity": "sha512-Dn4B+g54PJsMG5WCc4QeFy1ygMXRdTtFrUPegqfk4+vzVQcbF/DqqmI/1bxezArzbujBJg/67QeT5wz8edfJVQ==",
			"dev": true,
			"requires": {
				"esbuild": "^0.12.17",
				"fsevents": "~2.3.2",
				"postcss": "^8.3.6",
				"resolve": "^1.20.0",
				"rollup": "^2.38.5"
			}
		}
	}
}
